// !$*UTF8*$!
{
	archiveVersion = 1;
	classes = {
	};
	objectVersion = 77;
	objects = {

/* Begin PBXBuildFile section */
		14CD4B612F9C4A71872149B6 /* AppState.swift in Sources */ = {isa = PBXBuildFile; fileRef = 8997B050467874866912F213 /* AppState.swift */; };
		174FAA0D50555CA84212C927 /* UserNotificationClient.swift in Sources */ = {isa = PBXBuildFile; fileRef = 85B567A47ED49EAB6D22EE88 /* UserNotificationClient.swift */; };
		1B975B1D059A22E2C846C7E2 /* TestSupport.swift in Sources */ = {isa = PBXBuildFile; fileRef = DE71998DCB6E1AA3D57745BE /* TestSupport.swift */; };
		1ED5EF1A726A8264D45615E5 /* SessionSnapshotTests.swift in Sources */ = {isa = PBXBuildFile; fileRef = 0156F9EBC5E3B422F0D43AB7 /* SessionSnapshotTests.swift */; };
		1F332B917EA889228329707A /* NotificationPolicy.swift in Sources */ = {isa = PBXBuildFile; fileRef = EDC1A87CA31CD8E2225466CA /* NotificationPolicy.swift */; };
		24C626DE5DAA6B7724E50CD3 /* MenuBarController.swift in Sources */ = {isa = PBXBuildFile; fileRef = 97FA0B065129C92203581A39 /* MenuBarController.swift */; };
		2C1C8A85619194EA7DE45672 /* WindowSignature.swift in Sources */ = {isa = PBXBuildFile; fileRef = A213D544538662E947E9E02F /* WindowSignature.swift */; };
		2DB5B86A3178BA6B90960BA3 /* JSONFileStore.swift in Sources */ = {isa = PBXBuildFile; fileRef = E7DD7B53DD266D8BD72DC229 /* JSONFileStore.swift */; };
		33D6A8362FD0338D1E486C69 /* BindingPersistence.swift in Sources */ = {isa = PBXBuildFile; fileRef = E5C575F1EDBFB8344B9835A5 /* BindingPersistence.swift */; };
		3B8227E150D548BCDC2AAE70 /* SessionPersistence.swift in Sources */ = {isa = PBXBuildFile; fileRef = 18061D64817AF8F554FD0C37 /* SessionPersistence.swift */; };
		3D6C15E493A6A134F360DD74 /* Paths.swift in Sources */ = {isa = PBXBuildFile; fileRef = 45C0E4060A1CE92FAD00DE8E /* Paths.swift */; };
		469D9E44F01C0D00B75C0035 /* SessionStatus.swift in Sources */ = {isa = PBXBuildFile; fileRef = 2BEA3DA90BC3986C4AB89205 /* SessionStatus.swift */; };
		487E1205647A790B900DEB7E /* AppDelegate.swift in Sources */ = {isa = PBXBuildFile; fileRef = 4A4A304F0167A7FC4B48DB34 /* AppDelegate.swift */; };
		49167EF9FA589DC718A7E863 /* EmbeddedHTTPServer.swift in Sources */ = {isa = PBXBuildFile; fileRef = 586857FC148ABB927E346D7F /* EmbeddedHTTPServer.swift */; };
		4A6388F4609DE61B85AC846C /* SessionPriority.swift in Sources */ = {isa = PBXBuildFile; fileRef = 81358C187C53DBF08542DFD9 /* SessionPriority.swift */; };
		4E918135165BD99631013C85 /* SmokeTests.swift in Sources */ = {isa = PBXBuildFile; fileRef = B635BBBA650690B6C77CCCBE /* SmokeTests.swift */; };
		4F442C35DB642A22218A0A9E /* SessionMenuBuilderTests.swift in Sources */ = {isa = PBXBuildFile; fileRef = B9A1D051DE07E57A76816BD3 /* SessionMenuBuilderTests.swift */; };
		5442EF26B7CA2E33A0365E5C /* Logger.swift in Sources */ = {isa = PBXBuildFile; fileRef = ABA9934EB3594A53050BECB1 /* Logger.swift */; };
		5E0E3F2515D187B7C4208A4C /* EventIngestionControllerTests.swift in Sources */ = {isa = PBXBuildFile; fileRef = A4C4C3D0FB08ED05ED30D83E /* EventIngestionControllerTests.swift */; };
		61AABAE97269A05BC7307E84 /* EventIngestionController.swift in Sources */ = {isa = PBXBuildFile; fileRef = 17CA6FBB1C857063A861683E /* EventIngestionController.swift */; };
		648924C17A528D45ADF75BCD /* SessionStore.swift in Sources */ = {isa = PBXBuildFile; fileRef = D421C63753B25E421494F702 /* SessionStore.swift */; };
		6E9285CC33C269C1D60469EB /* BridgeFileWriter.swift in Sources */ = {isa = PBXBuildFile; fileRef = 51EF77A54DBE27579879E6B7 /* BridgeFileWriter.swift */; };
		708864079B236EEA12532DA9 /* SessionMenuRowViewModel.swift in Sources */ = {isa = PBXBuildFile; fileRef = 2763E534CCE2D6573FF0946F /* SessionMenuRowViewModel.swift */; };
		7A54998813B65C49351B5410 /* SessionEvent.swift in Sources */ = {isa = PBXBuildFile; fileRef = 37C8EFCC7E0E759738AAEA74 /* SessionEvent.swift */; };
		7E22111B8446BF2C1020E291 /* BridgeFileWriterTests.swift in Sources */ = {isa = PBXBuildFile; fileRef = EDFC7A5DF0316DA2B3F0B03F /* BridgeFileWriterTests.swift */; };
		7F8194A1DA29AD5E6436A6D0 /* SessionMenuBuilder.swift in Sources */ = {isa = PBXBuildFile; fileRef = 649302057895CAB06BC35F78 /* SessionMenuBuilder.swift */; };
		82EEA604362FE92C8F20F75E /* SessionPersistenceTests.swift in Sources */ = {isa = PBXBuildFile; fileRef = 48C93E626F08BA7B4427248C /* SessionPersistenceTests.swift */; };
		84B977456C32EAA473CBA1F2 /* SessionStoreTests.swift in Sources */ = {isa = PBXBuildFile; fileRef = C2EBE3197AF61746E3F8E707 /* SessionStoreTests.swift */; };
		8930B07C96D4093822A3C554 /* AuthTokenProvider.swift in Sources */ = {isa = PBXBuildFile; fileRef = DB972166502388A53E7FE7CA /* AuthTokenProvider.swift */; };
		91EA3BDB0522CCFE5F77F1E5 /* NotificationPolicyTests.swift in Sources */ = {isa = PBXBuildFile; fileRef = CAEE74A8CE3EAE691D36DA71 /* NotificationPolicyTests.swift */; };
		B712B2CDEC5608F15A62AC9F /* SessionSnapshot.swift in Sources */ = {isa = PBXBuildFile; fileRef = E0814A700DAC42D30741B46F /* SessionSnapshot.swift */; };
		B7666CF66B1383A398649E6C /* SessionPriorityTests.swift in Sources */ = {isa = PBXBuildFile; fileRef = BBB0A5609E134AB987EB0051 /* SessionPriorityTests.swift */; };
		BD67B83F870E209B59779AF7 /* Clock.swift in Sources */ = {isa = PBXBuildFile; fileRef = 71AC48DD991D7B7D366A45B2 /* Clock.swift */; };
		DA72ABC32138AAF96083DB94 /* SessionMenuActions.swift in Sources */ = {isa = PBXBuildFile; fileRef = 6E043764819394637ED39EEF /* SessionMenuActions.swift */; };
		F14D6D0B0A1855F64912288D /* VigilApp.swift in Sources */ = {isa = PBXBuildFile; fileRef = A6BB2419160E8F3C8144DF1D /* VigilApp.swift */; };
		F18C02A6A5345F71146CB30F /* BindingPersistenceTests.swift in Sources */ = {isa = PBXBuildFile; fileRef = 8240BD6508D7E391831626B1 /* BindingPersistenceTests.swift */; };
/* End PBXBuildFile section */

/* Begin PBXContainerItemProxy section */
		DDCC8931B5121BBC4DBFBF47 /* PBXContainerItemProxy */ = {
			isa = PBXContainerItemProxy;
			containerPortal = 2171B6E0E71429C80C35FBE9 /* Project object */;
			proxyType = 1;
			remoteGlobalIDString = 6161E4DB5FF004CE4CB88A49;
			remoteInfo = Vigil;
		};
/* End PBXContainerItemProxy section */

/* Begin PBXFileReference section */
		0156F9EBC5E3B422F0D43AB7 /* SessionSnapshotTests.swift */ = {isa = PBXFileReference; lastKnownFileType = sourcecode.swift; path = SessionSnapshotTests.swift; sourceTree = "<group>"; };
		17CA6FBB1C857063A861683E /* EventIngestionController.swift */ = {isa = PBXFileReference; lastKnownFileType = sourcecode.swift; path = EventIngestionController.swift; sourceTree = "<group>"; };
		18061D64817AF8F554FD0C37 /* SessionPersistence.swift */ = {isa = PBXFileReference; lastKnownFileType = sourcecode.swift; path = SessionPersistence.swift; sourceTree = "<group>"; };
		2763E534CCE2D6573FF0946F /* SessionMenuRowViewModel.swift */ = {isa = PBXFileReference; lastKnownFileType = sourcecode.swift; path = SessionMenuRowViewModel.swift; sourceTree = "<group>"; };
		2BEA3DA90BC3986C4AB89205 /* SessionStatus.swift */ = {isa = PBXFileReference; lastKnownFileType = sourcecode.swift; path = SessionStatus.swift; sourceTree = "<group>"; };
		37C8EFCC7E0E759738AAEA74 /* SessionEvent.swift */ = {isa = PBXFileReference; lastKnownFileType = sourcecode.swift; path = SessionEvent.swift; sourceTree = "<group>"; };
		45C0E4060A1CE92FAD00DE8E /* Paths.swift */ = {isa = PBXFileReference; lastKnownFileType = sourcecode.swift; path = Paths.swift; sourceTree = "<group>"; };
		48C93E626F08BA7B4427248C /* SessionPersistenceTests.swift */ = {isa = PBXFileReference; lastKnownFileType = sourcecode.swift; path = SessionPersistenceTests.swift; sourceTree = "<group>"; };
		4A4A304F0167A7FC4B48DB34 /* AppDelegate.swift */ = {isa = PBXFileReference; lastKnownFileType = sourcecode.swift; path = AppDelegate.swift; sourceTree = "<group>"; };
		51EF77A54DBE27579879E6B7 /* BridgeFileWriter.swift */ = {isa = PBXFileReference; lastKnownFileType = sourcecode.swift; path = BridgeFileWriter.swift; sourceTree = "<group>"; };
		586857FC148ABB927E346D7F /* EmbeddedHTTPServer.swift */ = {isa = PBXFileReference; lastKnownFileType = sourcecode.swift; path = EmbeddedHTTPServer.swift; sourceTree = "<group>"; };
		649302057895CAB06BC35F78 /* SessionMenuBuilder.swift */ = {isa = PBXFileReference; lastKnownFileType = sourcecode.swift; path = SessionMenuBuilder.swift; sourceTree = "<group>"; };
		6E043764819394637ED39EEF /* SessionMenuActions.swift */ = {isa = PBXFileReference; lastKnownFileType = sourcecode.swift; path = SessionMenuActions.swift; sourceTree = "<group>"; };
		71AC48DD991D7B7D366A45B2 /* Clock.swift */ = {isa = PBXFileReference; lastKnownFileType = sourcecode.swift; path = Clock.swift; sourceTree = "<group>"; };
		81358C187C53DBF08542DFD9 /* SessionPriority.swift */ = {isa = PBXFileReference; lastKnownFileType = sourcecode.swift; path = SessionPriority.swift; sourceTree = "<group>"; };
		8240BD6508D7E391831626B1 /* BindingPersistenceTests.swift */ = {isa = PBXFileReference; lastKnownFileType = sourcecode.swift; path = BindingPersistenceTests.swift; sourceTree = "<group>"; };
		85B567A47ED49EAB6D22EE88 /* UserNotificationClient.swift */ = {isa = PBXFileReference; lastKnownFileType = sourcecode.swift; path = UserNotificationClient.swift; sourceTree = "<group>"; };
		8997B050467874866912F213 /* AppState.swift */ = {isa = PBXFileReference; lastKnownFileType = sourcecode.swift; path = AppState.swift; sourceTree = "<group>"; };
		97FA0B065129C92203581A39 /* MenuBarController.swift */ = {isa = PBXFileReference; lastKnownFileType = sourcecode.swift; path = MenuBarController.swift; sourceTree = "<group>"; };
		A213D544538662E947E9E02F /* WindowSignature.swift */ = {isa = PBXFileReference; lastKnownFileType = sourcecode.swift; path = WindowSignature.swift; sourceTree = "<group>"; };
		A3A079141EE3396A0D619BED /* VigilTests.xctest */ = {isa = PBXFileReference; explicitFileType = wrapper.cfbundle; includeInIndex = 0; path = VigilTests.xctest; sourceTree = BUILT_PRODUCTS_DIR; };
		A4C4C3D0FB08ED05ED30D83E /* EventIngestionControllerTests.swift */ = {isa = PBXFileReference; lastKnownFileType = sourcecode.swift; path = EventIngestionControllerTests.swift; sourceTree = "<group>"; };
		A6BB2419160E8F3C8144DF1D /* VigilApp.swift */ = {isa = PBXFileReference; lastKnownFileType = sourcecode.swift; path = VigilApp.swift; sourceTree = "<group>"; };
		ABA9934EB3594A53050BECB1 /* Logger.swift */ = {isa = PBXFileReference; lastKnownFileType = sourcecode.swift; path = Logger.swift; sourceTree = "<group>"; };
		B635BBBA650690B6C77CCCBE /* SmokeTests.swift */ = {isa = PBXFileReference; lastKnownFileType = sourcecode.swift; path = SmokeTests.swift; sourceTree = "<group>"; };
		B85D36572956AF65600CE196 /* Vigil.app */ = {isa = PBXFileReference; explicitFileType = wrapper.application; includeInIndex = 0; path = Vigil.app; sourceTree = BUILT_PRODUCTS_DIR; };
		B9A1D051DE07E57A76816BD3 /* SessionMenuBuilderTests.swift */ = {isa = PBXFileReference; lastKnownFileType = sourcecode.swift; path = SessionMenuBuilderTests.swift; sourceTree = "<group>"; };
		BBB0A5609E134AB987EB0051 /* SessionPriorityTests.swift */ = {isa = PBXFileReference; lastKnownFileType = sourcecode.swift; path = SessionPriorityTests.swift; sourceTree = "<group>"; };
		C2EBE3197AF61746E3F8E707 /* SessionStoreTests.swift */ = {isa = PBXFileReference; lastKnownFileType = sourcecode.swift; path = SessionStoreTests.swift; sourceTree = "<group>"; };
		CAEE74A8CE3EAE691D36DA71 /* NotificationPolicyTests.swift */ = {isa = PBXFileReference; lastKnownFileType = sourcecode.swift; path = NotificationPolicyTests.swift; sourceTree = "<group>"; };
		D421C63753B25E421494F702 /* SessionStore.swift */ = {isa = PBXFileReference; lastKnownFileType = sourcecode.swift; path = SessionStore.swift; sourceTree = "<group>"; };
		DB972166502388A53E7FE7CA /* AuthTokenProvider.swift */ = {isa = PBXFileReference; lastKnownFileType = sourcecode.swift; path = AuthTokenProvider.swift; sourceTree = "<group>"; };
		DE71998DCB6E1AA3D57745BE /* TestSupport.swift */ = {isa = PBXFileReference; lastKnownFileType = sourcecode.swift; path = TestSupport.swift; sourceTree = "<group>"; };
		E0814A700DAC42D30741B46F /* SessionSnapshot.swift */ = {isa = PBXFileReference; lastKnownFileType = sourcecode.swift; path = SessionSnapshot.swift; sourceTree = "<group>"; };
		E5C575F1EDBFB8344B9835A5 /* BindingPersistence.swift */ = {isa = PBXFileReference; lastKnownFileType = sourcecode.swift; path = BindingPersistence.swift; sourceTree = "<group>"; };
		E7DD7B53DD266D8BD72DC229 /* JSONFileStore.swift */ = {isa = PBXFileReference; lastKnownFileType = sourcecode.swift; path = JSONFileStore.swift; sourceTree = "<group>"; };
		EDC1A87CA31CD8E2225466CA /* NotificationPolicy.swift */ = {isa = PBXFileReference; lastKnownFileType = sourcecode.swift; path = NotificationPolicy.swift; sourceTree = "<group>"; };
		EDFC7A5DF0316DA2B3F0B03F /* BridgeFileWriterTests.swift */ = {isa = PBXFileReference; lastKnownFileType = sourcecode.swift; path = BridgeFileWriterTests.swift; sourceTree = "<group>"; };
/* End PBXFileReference section */

/* Begin PBXGroup section */
		0C0438E3267CF8C03D9C02C2 /* Domain */ = {
			isa = PBXGroup;
			children = (
				BBB0A5609E134AB987EB0051 /* SessionPriorityTests.swift */,
				0156F9EBC5E3B422F0D43AB7 /* SessionSnapshotTests.swift */,
			);
			path = Domain;
			sourceTree = "<group>";
		};
		16628F41665EDB2D74219103 /* Domain */ = {
			isa = PBXGroup;
			children = (
				37C8EFCC7E0E759738AAEA74 /* SessionEvent.swift */,
				81358C187C53DBF08542DFD9 /* SessionPriority.swift */,
				E0814A700DAC42D30741B46F /* SessionSnapshot.swift */,
				2BEA3DA90BC3986C4AB89205 /* SessionStatus.swift */,
				A213D544538662E947E9E02F /* WindowSignature.swift */,
			);
			path = Domain;
			sourceTree = "<group>";
		};
		17264EA77370FB2D17EAC955 /* Transport */ = {
			isa = PBXGroup;
			children = (
				DB972166502388A53E7FE7CA /* AuthTokenProvider.swift */,
				586857FC148ABB927E346D7F /* EmbeddedHTTPServer.swift */,
				17CA6FBB1C857063A861683E /* EventIngestionController.swift */,
			);
			path = Transport;
			sourceTree = "<group>";
		};
		1FA176F8F2D6893D39ECE50D /* Persistence */ = {
			isa = PBXGroup;
			children = (
				E5C575F1EDBFB8344B9835A5 /* BindingPersistence.swift */,
				51EF77A54DBE27579879E6B7 /* BridgeFileWriter.swift */,
				E7DD7B53DD266D8BD72DC229 /* JSONFileStore.swift */,
				18061D64817AF8F554FD0C37 /* SessionPersistence.swift */,
			);
			path = Persistence;
			sourceTree = "<group>";
		};
		26AA66F170B5536C5B7542B2 /* State */ = {
			isa = PBXGroup;
			children = (
				C2EBE3197AF61746E3F8E707 /* SessionStoreTests.swift */,
			);
			path = State;
			sourceTree = "<group>";
		};
		3BE9F1D58DB618A7E0022D21 /* State */ = {
			isa = PBXGroup;
			children = (
				8997B050467874866912F213 /* AppState.swift */,
				D421C63753B25E421494F702 /* SessionStore.swift */,
			);
			path = State;
			sourceTree = "<group>";
		};
		4B9C7B37A7D09F45EACE6303 /* Smoke */ = {
			isa = PBXGroup;
			children = (
				B635BBBA650690B6C77CCCBE /* SmokeTests.swift */,
			);
			path = Smoke;
			sourceTree = "<group>";
		};
		6E6FF23EB3C16E2DEA3A6FA1 /* Persistence */ = {
			isa = PBXGroup;
			children = (
				8240BD6508D7E391831626B1 /* BindingPersistenceTests.swift */,
				EDFC7A5DF0316DA2B3F0B03F /* BridgeFileWriterTests.swift */,
				48C93E626F08BA7B4427248C /* SessionPersistenceTests.swift */,
				DE71998DCB6E1AA3D57745BE /* TestSupport.swift */,
			);
			path = Persistence;
			sourceTree = "<group>";
		};
		8C4C9B0BCB7E0480F88D1DB9 /* Support */ = {
			isa = PBXGroup;
			children = (
				71AC48DD991D7B7D366A45B2 /* Clock.swift */,
				ABA9934EB3594A53050BECB1 /* Logger.swift */,
				45C0E4060A1CE92FAD00DE8E /* Paths.swift */,
			);
			path = Support;
			sourceTree = "<group>";
		};
		992B83762E2C36747F2A9A79 /* Products */ = {
			isa = PBXGroup;
			children = (
				B85D36572956AF65600CE196 /* Vigil.app */,
				A3A079141EE3396A0D619BED /* VigilTests.xctest */,
			);
			name = Products;
			sourceTree = "<group>";
		};
		9A7263839FC67DB70B23A6C6 /* VigilTests */ = {
			isa = PBXGroup;
			children = (
				0C0438E3267CF8C03D9C02C2 /* Domain */,
				DC66CA907BA18869BBA0A3CD /* Notifications */,
				6E6FF23EB3C16E2DEA3A6FA1 /* Persistence */,
				4B9C7B37A7D09F45EACE6303 /* Smoke */,
				26AA66F170B5536C5B7542B2 /* State */,
				DF5BFB0DCDA877EFFC8503C6 /* Transport */,
				FB0462C813B6B2CAC8B40DF4 /* UI */,
			);
			path = VigilTests;
			sourceTree = "<group>";
		};
		BDC1E4C65901963933A40496 = {
			isa = PBXGroup;
			children = (
				D558645DED43326B339E8444 /* Vigil */,
				9A7263839FC67DB70B23A6C6 /* VigilTests */,
				992B83762E2C36747F2A9A79 /* Products */,
			);
			sourceTree = "<group>";
		};
		D558645DED43326B339E8444 /* Vigil */ = {
			isa = PBXGroup;
			children = (
				E13625EA1478DFCAD6D22579 /* App */,
				16628F41665EDB2D74219103 /* Domain */,
				DA5706B260BD34D470139190 /* Notifications */,
				1FA176F8F2D6893D39ECE50D /* Persistence */,
				3BE9F1D58DB618A7E0022D21 /* State */,
				8C4C9B0BCB7E0480F88D1DB9 /* Support */,
				17264EA77370FB2D17EAC955 /* Transport */,
				F9CD5A7DA7175DAF3B428F0E /* UI */,
			);
			path = Vigil;
			sourceTree = "<group>";
		};
		DA5706B260BD34D470139190 /* Notifications */ = {
			isa = PBXGroup;
			children = (
				EDC1A87CA31CD8E2225466CA /* NotificationPolicy.swift */,
				85B567A47ED49EAB6D22EE88 /* UserNotificationClient.swift */,
			);
			path = Notifications;
			sourceTree = "<group>";
		};
		DC66CA907BA18869BBA0A3CD /* Notifications */ = {
			isa = PBXGroup;
			children = (
				CAEE74A8CE3EAE691D36DA71 /* NotificationPolicyTests.swift */,
			);
			path = Notifications;
			sourceTree = "<group>";
		};
		DF5BFB0DCDA877EFFC8503C6 /* Transport */ = {
			isa = PBXGroup;
			children = (
				A4C4C3D0FB08ED05ED30D83E /* EventIngestionControllerTests.swift */,
			);
			path = Transport;
			sourceTree = "<group>";
		};
		E13625EA1478DFCAD6D22579 /* App */ = {
			isa = PBXGroup;
			children = (
				4A4A304F0167A7FC4B48DB34 /* AppDelegate.swift */,
				97FA0B065129C92203581A39 /* MenuBarController.swift */,
				A6BB2419160E8F3C8144DF1D /* VigilApp.swift */,
			);
			path = App;
			sourceTree = "<group>";
		};
		F9CD5A7DA7175DAF3B428F0E /* UI */ = {
			isa = PBXGroup;
			children = (
				6E043764819394637ED39EEF /* SessionMenuActions.swift */,
				649302057895CAB06BC35F78 /* SessionMenuBuilder.swift */,
				2763E534CCE2D6573FF0946F /* SessionMenuRowViewModel.swift */,
			);
			path = UI;
			sourceTree = "<group>";
		};
		FB0462C813B6B2CAC8B40DF4 /* UI */ = {
			isa = PBXGroup;
			children = (
				B9A1D051DE07E57A76816BD3 /* SessionMenuBuilderTests.swift */,
			);
			path = UI;
			sourceTree = "<group>";
		};
/* End PBXGroup section */

/* Begin PBXNativeTarget section */
		53D580ABFFAC14CA00CBE7F5 /* VigilTests */ = {
			isa = PBXNativeTarget;
			buildConfigurationList = C04685F46C7642D3F64A63DD /* Build configuration list for PBXNativeTarget "VigilTests" */;
			buildPhases = (
				C785AC39878B4202E81C1BCA /* Sources */,
			);
			buildRules = (
			);
			dependencies = (
				6F5EC6E5617F31443D8BA974 /* PBXTargetDependency */,
			);
			name = VigilTests;
			packageProductDependencies = (
			);
			productName = VigilTests;
			productReference = A3A079141EE3396A0D619BED /* VigilTests.xctest */;
			productType = "com.apple.product-type.bundle.unit-test";
		};
		6161E4DB5FF004CE4CB88A49 /* Vigil */ = {
			isa = PBXNativeTarget;
			buildConfigurationList = D98D3580FD17823E379672D1 /* Build configuration list for PBXNativeTarget "Vigil" */;
			buildPhases = (
				1828E97C407825E91C7AC2AC /* Sources */,
			);
			buildRules = (
			);
			dependencies = (
			);
			name = Vigil;
			packageProductDependencies = (
			);
			productName = Vigil;
			productReference = B85D36572956AF65600CE196 /* Vigil.app */;
			productType = "com.apple.product-type.application";
		};
/* End PBXNativeTarget section */

/* Begin PBXProject section */
		2171B6E0E71429C80C35FBE9 /* Project object */ = {
			isa = PBXProject;
			attributes = {
				BuildIndependentTargetsInParallel = YES;
				LastUpgradeCheck = 1430;
				TargetAttributes = {
				};
			};
			buildConfigurationList = BDE66036CD536BF92D34583E /* Build configuration list for PBXProject "Vigil" */;
			developmentRegion = en;
			hasScannedForEncodings = 0;
			knownRegions = (
				Base,
				en,
			);
			mainGroup = BDC1E4C65901963933A40496;
			minimizedProjectReferenceProxies = 1;
			preferredProjectObjectVersion = 77;
			productRefGroup = 992B83762E2C36747F2A9A79 /* Products */;
			projectDirPath = "";
			projectRoot = "";
			targets = (
				6161E4DB5FF004CE4CB88A49 /* Vigil */,
				53D580ABFFAC14CA00CBE7F5 /* VigilTests */,
			);
		};
/* End PBXProject section */

/* Begin PBXSourcesBuildPhase section */
		1828E97C407825E91C7AC2AC /* Sources */ = {
			isa = PBXSourcesBuildPhase;
			buildActionMask = 2147483647;
			files = (
				487E1205647A790B900DEB7E /* AppDelegate.swift in Sources */,
				14CD4B612F9C4A71872149B6 /* AppState.swift in Sources */,
				8930B07C96D4093822A3C554 /* AuthTokenProvider.swift in Sources */,
				33D6A8362FD0338D1E486C69 /* BindingPersistence.swift in Sources */,
				6E9285CC33C269C1D60469EB /* BridgeFileWriter.swift in Sources */,
				BD67B83F870E209B59779AF7 /* Clock.swift in Sources */,
				49167EF9FA589DC718A7E863 /* EmbeddedHTTPServer.swift in Sources */,
				61AABAE97269A05BC7307E84 /* EventIngestionController.swift in Sources */,
				2DB5B86A3178BA6B90960BA3 /* JSONFileStore.swift in Sources */,
				5442EF26B7CA2E33A0365E5C /* Logger.swift in Sources */,
				24C626DE5DAA6B7724E50CD3 /* MenuBarController.swift in Sources */,
				1F332B917EA889228329707A /* NotificationPolicy.swift in Sources */,
				3D6C15E493A6A134F360DD74 /* Paths.swift in Sources */,
				7A54998813B65C49351B5410 /* SessionEvent.swift in Sources */,
				DA72ABC32138AAF96083DB94 /* SessionMenuActions.swift in Sources */,
				7F8194A1DA29AD5E6436A6D0 /* SessionMenuBuilder.swift in Sources */,
				708864079B236EEA12532DA9 /* SessionMenuRowViewModel.swift in Sources */,
				3B8227E150D548BCDC2AAE70 /* SessionPersistence.swift in Sources */,
				4A6388F4609DE61B85AC846C /* SessionPriority.swift in Sources */,
				B712B2CDEC5608F15A62AC9F /* SessionSnapshot.swift in Sources */,
				469D9E44F01C0D00B75C0035 /* SessionStatus.swift in Sources */,
				648924C17A528D45ADF75BCD /* SessionStore.swift in Sources */,
				174FAA0D50555CA84212C927 /* UserNotificationClient.swift in Sources */,
				F14D6D0B0A1855F64912288D /* VigilApp.swift in Sources */,
				2C1C8A85619194EA7DE45672 /* WindowSignature.swift in Sources */,
			);
			runOnlyForDeploymentPostprocessing = 0;
		};
		C785AC39878B4202E81C1BCA /* Sources */ = {
			isa = PBXSourcesBuildPhase;
			buildActionMask = 2147483647;
			files = (
				F18C02A6A5345F71146CB30F /* BindingPersistenceTests.swift in Sources */,
				7E22111B8446BF2C1020E291 /* BridgeFileWriterTests.swift in Sources */,
				5E0E3F2515D187B7C4208A4C /* EventIngestionControllerTests.swift in Sources */,
				91EA3BDB0522CCFE5F77F1E5 /* NotificationPolicyTests.swift in Sources */,
				4F442C35DB642A22218A0A9E /* SessionMenuBuilderTests.swift in Sources */,
				82EEA604362FE92C8F20F75E /* SessionPersistenceTests.swift in Sources */,
				B7666CF66B1383A398649E6C /* SessionPriorityTests.swift in Sources */,
				1ED5EF1A726A8264D45615E5 /* SessionSnapshotTests.swift in Sources */,
				84B977456C32EAA473CBA1F2 /* SessionStoreTests.swift in Sources */,
				4E918135165BD99631013C85 /* SmokeTests.swift in Sources */,
				1B975B1D059A22E2C846C7E2 /* TestSupport.swift in Sources */,
			);
			runOnlyForDeploymentPostprocessing = 0;
		};
/* End PBXSourcesBuildPhase section */

/* Begin PBXTargetDependency section */
		6F5EC6E5617F31443D8BA974 /* PBXTargetDependency */ = {
			isa = PBXTargetDependency;
			target = 6161E4DB5FF004CE4CB88A49 /* Vigil */;
			targetProxy = DDCC8931B5121BBC4DBFBF47 /* PBXContainerItemProxy */;
		};
/* End PBXTargetDependency section */

/* Begin XCBuildConfiguration section */
		27DCBA49F20453C32C5C74AE /* Release */ = {
			isa = XCBuildConfiguration;
			buildSettings = {
				BUNDLE_LOADER = "$(TEST_HOST)";
				CODE_SIGNING_ALLOWED = NO;
				COMBINE_HIDPI_IMAGES = YES;
				GENERATE_INFOPLIST_FILE = YES;
				LD_RUNPATH_SEARCH_PATHS = (
					"$(inherited)",
					"@executable_path/../Frameworks",
					"@loader_path/../Frameworks",
				);
				MACOSX_DEPLOYMENT_TARGET = 14.0;
				PRODUCT_BUNDLE_IDENTIFIER = com.vigil.app.tests;
				SDKROOT = macosx;
				TEST_HOST = "$(BUILT_PRODUCTS_DIR)/Vigil.app/Contents/MacOS/Vigil";
			};
			name = Release;
		};
		33E59D603E1AB052C033B287 /* Debug */ = {
			isa = XCBuildConfiguration;
			buildSettings = {
				ALWAYS_SEARCH_USER_PATHS = NO;
				CLANG_ANALYZER_NONNULL = YES;
				CLANG_ANALYZER_NUMBER_OBJECT_CONVERSION = YES_AGGRESSIVE;
				CLANG_CXX_LANGUAGE_STANDARD = "gnu++14";
				CLANG_CXX_LIBRARY = "libc++";
				CLANG_ENABLE_MODULES = YES;
				CLANG_ENABLE_OBJC_ARC = YES;
				CLANG_ENABLE_OBJC_WEAK = YES;
				CLANG_WARN_BLOCK_CAPTURE_AUTORELEASING = YES;
				CLANG_WARN_BOOL_CONVERSION = YES;
				CLANG_WARN_COMMA = YES;
				CLANG_WARN_CONSTANT_CONVERSION = YES;
				CLANG_WARN_DEPRECATED_OBJC_IMPLEMENTATIONS = YES;
				CLANG_WARN_DIRECT_OBJC_ISA_USAGE = YES_ERROR;
				CLANG_WARN_DOCUMENTATION_COMMENTS = YES;
				CLANG_WARN_EMPTY_BODY = YES;
				CLANG_WARN_ENUM_CONVERSION = YES;
				CLANG_WARN_INFINITE_RECURSION = YES;
				CLANG_WARN_INT_CONVERSION = YES;
				CLANG_WARN_NON_LITERAL_NULL_CONVERSION = YES;
				CLANG_WARN_OBJC_IMPLICIT_RETAIN_SELF = YES;
				CLANG_WARN_OBJC_LITERAL_CONVERSION = YES;
				CLANG_WARN_OBJC_ROOT_CLASS = YES_ERROR;
				CLANG_WARN_QUOTED_INCLUDE_IN_FRAMEWORK_HEADER = YES;
				CLANG_WARN_RANGE_LOOP_ANALYSIS = YES;
				CLANG_WARN_STRICT_PROTOTYPES = YES;
				CLANG_WARN_SUSPICIOUS_MOVE = YES;
				CLANG_WARN_UNGUARDED_AVAILABILITY = YES_AGGRESSIVE;
				CLANG_WARN_UNREACHABLE_CODE = YES;
				CLANG_WARN__DUPLICATE_METHOD_MATCH = YES;
				COPY_PHASE_STRIP = NO;
				DEBUG_INFORMATION_FORMAT = dwarf;
				ENABLE_STRICT_OBJC_MSGSEND = YES;
				ENABLE_TESTABILITY = YES;
				ENABLE_TESTING_SEARCH_PATHS = YES;
				GCC_C_LANGUAGE_STANDARD = gnu11;
				GCC_DYNAMIC_NO_PIC = NO;
				GCC_NO_COMMON_BLOCKS = YES;
				GCC_OPTIMIZATION_LEVEL = 0;
				GCC_PREPROCESSOR_DEFINITIONS = (
					"$(inherited)",
					"DEBUG=1",
				);
				GCC_WARN_64_TO_32_BIT_CONVERSION = YES;
				GCC_WARN_ABOUT_RETURN_TYPE = YES_ERROR;
				GCC_WARN_UNDECLARED_SELECTOR = YES;
				GCC_WARN_UNINITIALIZED_AUTOS = YES_AGGRESSIVE;
				GCC_WARN_UNUSED_FUNCTION = YES;
				GCC_WARN_UNUSED_VARIABLE = YES;
				MARKETING_VERSION = 0.1.0;
				MTL_ENABLE_DEBUG_INFO = INCLUDE_SOURCE;
				MTL_FAST_MATH = YES;
				ONLY_ACTIVE_ARCH = YES;
				PRODUCT_NAME = "$(TARGET_NAME)";
				SDKROOT = macosx;
				SWIFT_ACTIVE_COMPILATION_CONDITIONS = DEBUG;
				SWIFT_OPTIMIZATION_LEVEL = "-Onone";
				SWIFT_VERSION = 5.1;
			};
			name = Debug;
		};
		5D105B3329E5907F3DF91873 /* Debug */ = {
			isa = XCBuildConfiguration;
			buildSettings = {
				ASSETCATALOG_COMPILER_APPICON_NAME = AppIcon;
				CODE_SIGNING_ALLOWED = NO;
				COMBINE_HIDPI_IMAGES = YES;
				GENERATE_INFOPLIST_FILE = YES;
				INFOPLIST_KEY_LSUIElement = YES;
				LD_RUNPATH_SEARCH_PATHS = (
					"$(inherited)",
					"@executable_path/../Frameworks",
				);
				MACOSX_DEPLOYMENT_TARGET = 14.0;
				PRODUCT_BUNDLE_IDENTIFIER = com.vigil.app;
				PRODUCT_NAME = Vigil;
				SDKROOT = macosx;
			};
			name = Debug;
		};
		5F14B2D9EE9F478A4B2129C1 /* Release */ = {
			isa = XCBuildConfiguration;
			buildSettings = {
				ASSETCATALOG_COMPILER_APPICON_NAME = AppIcon;
				CODE_SIGNING_ALLOWED = NO;
				COMBINE_HIDPI_IMAGES = YES;
				GENERATE_INFOPLIST_FILE = YES;
				INFOPLIST_KEY_LSUIElement = YES;
				LD_RUNPATH_SEARCH_PATHS = (
					"$(inherited)",
					"@executable_path/../Frameworks",
				);
				MACOSX_DEPLOYMENT_TARGET = 14.0;
				PRODUCT_BUNDLE_IDENTIFIER = com.vigil.app;
				PRODUCT_NAME = Vigil;
				SDKROOT = macosx;
			};
			name = Release;
		};
		642C963C4E0FB2B70D8A83F1 /* Release */ = {
			isa = XCBuildConfiguration;
			buildSettings = {
				ALWAYS_SEARCH_USER_PATHS = NO;
				CLANG_ANALYZER_NONNULL = YES;
				CLANG_ANALYZER_NUMBER_OBJECT_CONVERSION = YES_AGGRESSIVE;
				CLANG_CXX_LANGUAGE_STANDARD = "gnu++14";
				CLANG_CXX_LIBRARY = "libc++";
				CLANG_ENABLE_MODULES = YES;
				CLANG_ENABLE_OBJC_ARC = YES;
				CLANG_ENABLE_OBJC_WEAK = YES;
				CLANG_WARN_BLOCK_CAPTURE_AUTORELEASING = YES;
				CLANG_WARN_BOOL_CONVERSION = YES;
				CLANG_WARN_COMMA = YES;
				CLANG_WARN_CONSTANT_CONVERSION = YES;
				CLANG_WARN_DEPRECATED_OBJC_IMPLEMENTATIONS = YES;
				CLANG_WARN_DIRECT_OBJC_ISA_USAGE = YES_ERROR;
				CLANG_WARN_DOCUMENTATION_COMMENTS = YES;
				CLANG_WARN_EMPTY_BODY = YES;
				CLANG_WARN_ENUM_CONVERSION = YES;
				CLANG_WARN_INFINITE_RECURSION = YES;
				CLANG_WARN_INT_CONVERSION = YES;
				CLANG_WARN_NON_LITERAL_NULL_CONVERSION = YES;
				CLANG_WARN_OBJC_IMPLICIT_RETAIN_SELF = YES;
				CLANG_WARN_OBJC_LITERAL_CONVERSION = YES;
				CLANG_WARN_OBJC_ROOT_CLASS = YES_ERROR;
				CLANG_WARN_QUOTED_INCLUDE_IN_FRAMEWORK_HEADER = YES;
				CLANG_WARN_RANGE_LOOP_ANALYSIS = YES;
				CLANG_WARN_STRICT_PROTOTYPES = YES;
				CLANG_WARN_SUSPICIOUS_MOVE = YES;
				CLANG_WARN_UNGUARDED_AVAILABILITY = YES_AGGRESSIVE;
				CLANG_WARN_UNREACHABLE_CODE = YES;
				CLANG_WARN__DUPLICATE_METHOD_MATCH = YES;
				COPY_PHASE_STRIP = NO;
				DEBUG_INFORMATION_FORMAT = "dwarf-with-dsym";
				ENABLE_NS_ASSERTIONS = NO;
				ENABLE_STRICT_OBJC_MSGSEND = YES;
				ENABLE_TESTING_SEARCH_PATHS = YES;
				GCC_C_LANGUAGE_STANDARD = gnu11;
				GCC_NO_COMMON_BLOCKS = YES;
				GCC_WARN_64_TO_32_BIT_CONVERSION = YES;
				GCC_WARN_ABOUT_RETURN_TYPE = YES_ERROR;
				GCC_WARN_UNDECLARED_SELECTOR = YES;
				GCC_WARN_UNINITIALIZED_AUTOS = YES_AGGRESSIVE;
				GCC_WARN_UNUSED_FUNCTION = YES;
				GCC_WARN_UNUSED_VARIABLE = YES;
				MARKETING_VERSION = 0.1.0;
				MTL_ENABLE_DEBUG_INFO = NO;
				MTL_FAST_MATH = YES;
				PRODUCT_NAME = "$(TARGET_NAME)";
				SDKROOT = macosx;
				SWIFT_COMPILATION_MODE = wholemodule;
				SWIFT_OPTIMIZATION_LEVEL = "-O";
				SWIFT_VERSION = 5.1;
			};
			name = Release;
		};
		FC4BD5ACD04A427AF889A5CE /* Debug */ = {
			isa = XCBuildConfiguration;
			buildSettings = {
				BUNDLE_LOADER = "$(TEST_HOST)";
				CODE_SIGNING_ALLOWED = NO;
				COMBINE_HIDPI_IMAGES = YES;
				GENERATE_INFOPLIST_FILE = YES;
				LD_RUNPATH_SEARCH_PATHS = (
					"$(inherited)",
					"@executable_path/../Frameworks",
					"@loader_path/../Frameworks",
				);
				MACOSX_DEPLOYMENT_TARGET = 14.0;
				PRODUCT_BUNDLE_IDENTIFIER = com.vigil.app.tests;
				SDKROOT = macosx;
				TEST_HOST = "$(BUILT_PRODUCTS_DIR)/Vigil.app/Contents/MacOS/Vigil";
			};
			name = Debug;
		};
/* End XCBuildConfiguration section */

/* Begin XCConfigurationList section */
		BDE66036CD536BF92D34583E /* Build configuration list for PBXProject "Vigil" */ = {
			isa = XCConfigurationList;
			buildConfigurations = (
				33E59D603E1AB052C033B287 /* Debug */,
				642C963C4E0FB2B70D8A83F1 /* Release */,
			);
			defaultConfigurationIsVisible = 0;
			defaultConfigurationName = Debug;
		};
		C04685F46C7642D3F64A63DD /* Build configuration list for PBXNativeTarget "VigilTests" */ = {
			isa = XCConfigurationList;
			buildConfigurations = (
				FC4BD5ACD04A427AF889A5CE /* Debug */,
				27DCBA49F20453C32C5C74AE /* Release */,
			);
			defaultConfigurationIsVisible = 0;
			defaultConfigurationName = Debug;
		};
		D98D3580FD17823E379672D1 /* Build configuration list for PBXNativeTarget "Vigil" */ = {
			isa = XCConfigurationList;
			buildConfigurations = (
				5D105B3329E5907F3DF91873 /* Debug */,
				5F14B2D9EE9F478A4B2129C1 /* Release */,
			);
			defaultConfigurationIsVisible = 0;
			defaultConfigurationName = Debug;
		};
/* End XCConfigurationList section */
	};
	rootObject = 2171B6E0E71429C80C35FBE9 /* Project object */;
}
